
Microsoft Visual Studio Solution File, Format Version 12.00
# Visual Studio Version 17
VisualStudioVersion = 17.3.32929.385
MinimumVisualStudioVersion = 10.0.40219.1
Project("{FAE04EC0-301F-11D3-BF4B-00C04F79EFBC}") = "NetWork", "NetWork.csproj", "{6063F221-56F7-44CA-BED5-0C4E918A451E}"
EndProject
Global
	GlobalSection(SolutionConfigurationPlatforms) = preSolution
		Debug|Any CPU = Debug|Any CPU
		Release|Any CPU = Release|Any CPU
	EndGlobalSection
	GlobalSection(ProjectConfigurationPlatforms) = postSolution
		{6063F221-56F7-44CA-BED5-0C4E918A451E}.Debug|Any CPU.ActiveCfg = Debug|Any CPU
		{6063F221-56F7-44CA-BED5-0C4E918A451E}.Debug|Any CPU.Build.0 = Debug|Any CPU
		{6063F221-56F7-44CA-BED5-0C4E918A451E}.Release|Any CPU.ActiveCfg = Release|Any CPU
		{6063F221-56F7-44CA-BED5-0C4E918A451E}.Release|Any CPU.Build.0 = Release|Any CPU
	EndGlobalSection
	GlobalSection(SolutionProperties) = preSolution
		HideSolutionNode = FALSE
	EndGlobalSection
	GlobalSection(ExtensibilityGlobals) = postSolution
		SolutionGuid = {312A5786-C8CC-481F-ADCE-9948E5ED1B80}
	EndGlobalSection
EndGlobal
